
Microsoft Visual Studio Solution File, Format Version 12.00
# Visual Studio Version 17
VisualStudioVersion = 17.0.31903.59
MinimumVisualStudioVersion = 10.0.40219.1
Project("{2150E333-8FDC-42A3-9474-1A3956D46DE8}") = "src", "src", "{827E0CD3-B72D-47B6-A68D-7590B98EB39B}"
	ProjectSection(SolutionItems) = preProject
		src\FCG.Infrastructure\AppDbContext.cs = src\FCG.Infrastructure\AppDbContext.cs
		src\FCG.Infrastructure\DataSeeder.cs = src\FCG.Infrastructure\DataSeeder.cs
	EndProjectSection
EndProject
Project("{FAE04EC0-301F-11D3-BF4B-00C04F79EFBC}") = "FCG.Api", "src\FCG.Api\FCG.Api.csproj", "{3C162FC7-C5CA-42B4-9863-C0401A3CF7C3}"
EndProject
Project("{FAE04EC0-301F-11D3-BF4B-00C04F79EFBC}") = "FCG.Application", "src\FCG.Application\FCG.Application.csproj", "{431D7170-43EA-430C-886B-8E0C4958FAC2}"
EndProject
Project("{FAE04EC0-301F-11D3-BF4B-00C04F79EFBC}") = "FCG.Domain", "src\FCG.Domain\FCG.Domain.csproj", "{D332BBD5-118A-4606-BB6C-FA4EE125BA9B}"
EndProject
Project("{FAE04EC0-301F-11D3-BF4B-00C04F79EFBC}") = "FCG.Infrastructure", "src\FCG.Infrastructure\FCG.Infrastructure.csproj", "{C58021BA-94F8-448D-89AB-4AE362608E82}"
EndProject
Project("{2150E333-8FDC-42A3-9474-1A3956D46DE8}") = "tests", "tests", "{0AB3BF05-4346-4AA6-1389-037BE0695223}"
EndProject
Project("{FAE04EC0-301F-11D3-BF4B-00C04F79EFBC}") = "FCG.Tests", "tests\FCG.Tests\FCG.Tests.csproj", "{F263EBB0-8D4E-4E86-A79A-36DD06D07908}"
EndProject
Global
	GlobalSection(SolutionConfigurationPlatforms) = preSolution
		Debug|Any CPU = Debug|Any CPU
		Debug|x64 = Debug|x64
		Debug|x86 = Debug|x86
		Release|Any CPU = Release|Any CPU
		Release|x64 = Release|x64
		Release|x86 = Release|x86
	EndGlobalSection
	GlobalSection(ProjectConfigurationPlatforms) = postSolution
		{3C162FC7-C5CA-42B4-9863-C0401A3CF7C3}.Debug|Any CPU.ActiveCfg = Debug|Any CPU
		{3C162FC7-C5CA-42B4-9863-C0401A3CF7C3}.Debug|Any CPU.Build.0 = Debug|Any CPU
		{3C162FC7-C5CA-42B4-9863-C0401A3CF7C3}.Debug|x64.ActiveCfg = Debug|Any CPU
		{3C162FC7-C5CA-42B4-9863-C0401A3CF7C3}.Debug|x64.Build.0 = Debug|Any CPU
		{3C162FC7-C5CA-42B4-9863-C0401A3CF7C3}.Debug|x86.ActiveCfg = Debug|Any CPU
		{3C162FC7-C5CA-42B4-9863-C0401A3CF7C3}.Debug|x86.Build.0 = Debug|Any CPU
		{3C162FC7-C5CA-42B4-9863-C0401A3CF7C3}.Release|Any CPU.ActiveCfg = Release|Any CPU
		{3C162FC7-C5CA-42B4-9863-C0401A3CF7C3}.Release|Any CPU.Build.0 = Release|Any CPU
		{3C162FC7-C5CA-42B4-9863-C0401A3CF7C3}.Release|x64.ActiveCfg = Release|Any CPU
		{3C162FC7-C5CA-42B4-9863-C0401A3CF7C3}.Release|x64.Build.0 = Release|Any CPU
		{3C162FC7-C5CA-42B4-9863-C0401A3CF7C3}.Release|x86.ActiveCfg = Release|Any CPU
		{3C162FC7-C5CA-42B4-9863-C0401A3CF7C3}.Release|x86.Build.0 = Release|Any CPU
		{431D7170-43EA-430C-886B-8E0C4958FAC2}.Debug|Any CPU.ActiveCfg = Debug|Any CPU
		{431D7170-43EA-430C-886B-8E0C4958FAC2}.Debug|Any CPU.Build.0 = Debug|Any CPU
		{431D7170-43EA-430C-886B-8E0C4958FAC2}.Debug|x64.ActiveCfg = Debug|Any CPU
		{431D7170-43EA-430C-886B-8E0C4958FAC2}.Debug|x64.Build.0 = Debug|Any CPU
		{431D7170-43EA-430C-886B-8E0C4958FAC2}.Debug|x86.ActiveCfg = Debug|Any CPU
		{431D7170-43EA-430C-886B-8E0C4958FAC2}.Debug|x86.Build.0 = Debug|Any CPU
		{431D7170-43EA-430C-886B-8E0C4958FAC2}.Release|Any CPU.ActiveCfg = Release|Any CPU
		{431D7170-43EA-430C-886B-8E0C4958FAC2}.Release|Any CPU.Build.0 = Release|Any CPU
		{431D7170-43EA-430C-886B-8E0C4958FAC2}.Release|x64.ActiveCfg = Release|Any CPU
		{431D7170-43EA-430C-886B-8E0C4958FAC2}.Release|x64.Build.0 = Release|Any CPU
		{431D7170-43EA-430C-886B-8E0C4958FAC2}.Release|x86.ActiveCfg = Release|Any CPU
		{431D7170-43EA-430C-886B-8E0C4958FAC2}.Release|x86.Build.0 = Release|Any CPU
		{D332BBD5-118A-4606-BB6C-FA4EE125BA9B}.Debug|Any CPU.ActiveCfg = Debug|Any CPU
		{D332BBD5-118A-4606-BB6C-FA4EE125BA9B}.Debug|Any CPU.Build.0 = Debug|Any CPU
		{D332BBD5-118A-4606-BB6C-FA4EE125BA9B}.Debug|x64.ActiveCfg = Debug|Any CPU
		{D332BBD5-118A-4606-BB6C-FA4EE125BA9B}.Debug|x64.Build.0 = Debug|Any CPU
		{D332BBD5-118A-4606-BB6C-FA4EE125BA9B}.Debug|x86.ActiveCfg = Debug|Any CPU
		{D332BBD5-118A-4606-BB6C-FA4EE125BA9B}.Debug|x86.Build.0 = Debug|Any CPU
		{D332BBD5-118A-4606-BB6C-FA4EE125BA9B}.Release|Any CPU.ActiveCfg = Release|Any CPU
		{D332BBD5-118A-4606-BB6C-FA4EE125BA9B}.Release|Any CPU.Build.0 = Release|Any CPU
		{D332BBD5-118A-4606-BB6C-FA4EE125BA9B}.Release|x64.ActiveCfg = Release|Any CPU
		{D332BBD5-118A-4606-BB6C-FA4EE125BA9B}.Release|x64.Build.0 = Release|Any CPU
		{D332BBD5-118A-4606-BB6C-FA4EE125BA9B}.Release|x86.ActiveCfg = Release|Any CPU
		{D332BBD5-118A-4606-BB6C-FA4EE125BA9B}.Release|x86.Build.0 = Release|Any CPU
		{C58021BA-94F8-448D-89AB-4AE362608E82}.Debug|Any CPU.ActiveCfg = Debug|Any CPU
		{C58021BA-94F8-448D-89AB-4AE362608E82}.Debug|Any CPU.Build.0 = Debug|Any CPU
		{C58021BA-94F8-448D-89AB-4AE362608E82}.Debug|x64.ActiveCfg = Debug|Any CPU
		{C58021BA-94F8-448D-89AB-4AE362608E82}.Debug|x64.Build.0 = Debug|Any CPU
		{C58021BA-94F8-448D-89AB-4AE362608E82}.Debug|x86.ActiveCfg = Debug|Any CPU
		{C58021BA-94F8-448D-89AB-4AE362608E82}.Debug|x86.Build.0 = Debug|Any CPU
		{C58021BA-94F8-448D-89AB-4AE362608E82}.Release|Any CPU.ActiveCfg = Release|Any CPU
		{C58021BA-94F8-448D-89AB-4AE362608E82}.Release|Any CPU.Build.0 = Release|Any CPU
		{C58021BA-94F8-448D-89AB-4AE362608E82}.Release|x64.ActiveCfg = Release|Any CPU
		{C58021BA-94F8-448D-89AB-4AE362608E82}.Release|x64.Build.0 = Release|Any CPU
		{C58021BA-94F8-448D-89AB-4AE362608E82}.Release|x86.ActiveCfg = Release|Any CPU
		{C58021BA-94F8-448D-89AB-4AE362608E82}.Release|x86.Build.0 = Release|Any CPU
		{F263EBB0-8D4E-4E86-A79A-36DD06D07908}.Debug|Any CPU.ActiveCfg = Debug|Any CPU
		{F263EBB0-8D4E-4E86-A79A-36DD06D07908}.Debug|Any CPU.Build.0 = Debug|Any CPU
		{F263EBB0-8D4E-4E86-A79A-36DD06D07908}.Debug|x64.ActiveCfg = Debug|Any CPU
		{F263EBB0-8D4E-4E86-A79A-36DD06D07908}.Debug|x64.Build.0 = Debug|Any CPU
		{F263EBB0-8D4E-4E86-A79A-36DD06D07908}.Debug|x86.ActiveCfg = Debug|Any CPU
		{F263EBB0-8D4E-4E86-A79A-36DD06D07908}.Debug|x86.Build.0 = Debug|Any CPU
		{F263EBB0-8D4E-4E86-A79A-36DD06D07908}.Release|Any CPU.ActiveCfg = Release|Any CPU
		{F263EBB0-8D4E-4E86-A79A-36DD06D07908}.Release|Any CPU.Build.0 = Release|Any CPU
		{F263EBB0-8D4E-4E86-A79A-36DD06D07908}.Release|x64.ActiveCfg = Release|Any CPU
		{F263EBB0-8D4E-4E86-A79A-36DD06D07908}.Release|x64.Build.0 = Release|Any CPU
		{F263EBB0-8D4E-4E86-A79A-36DD06D07908}.Release|x86.ActiveCfg = Release|Any CPU
		{F263EBB0-8D4E-4E86-A79A-36DD06D07908}.Release|x86.Build.0 = Release|Any CPU
	EndGlobalSection
	GlobalSection(SolutionProperties) = preSolution
		HideSolutionNode = FALSE
	EndGlobalSection
	GlobalSection(NestedProjects) = preSolution
		{3C162FC7-C5CA-42B4-9863-C0401A3CF7C3} = {827E0CD3-B72D-47B6-A68D-7590B98EB39B}
		{431D7170-43EA-430C-886B-8E0C4958FAC2} = {827E0CD3-B72D-47B6-A68D-7590B98EB39B}
		{D332BBD5-118A-4606-BB6C-FA4EE125BA9B} = {827E0CD3-B72D-47B6-A68D-7590B98EB39B}
		{C58021BA-94F8-448D-89AB-4AE362608E82} = {827E0CD3-B72D-47B6-A68D-7590B98EB39B}
		{F263EBB0-8D4E-4E86-A79A-36DD06D07908} = {0AB3BF05-4346-4AA6-1389-037BE0695223}
	EndGlobalSection
EndGlobal
