
Microsoft Visual Studio Solution File, Format Version 12.00
# Visual Studio Version 17
VisualStudioVersion = 17.0.31903.59
MinimumVisualStudioVersion = 10.0.40219.1
Project("{2150E333-8FDC-42A3-9474-1A3956D46DE8}") = "src", "src", "{827E0CD3-B72D-47B6-A68D-7590B98EB39B}"
	ProjectSection(SolutionItems) = preProject
		.dockerignore = .dockerignore
		src\docker-compose.yml = src\docker-compose.yml
		src\Dockerfile = src\Dockerfile
		src\Dockerfile.migrations = src\Dockerfile.migrations
	EndProjectSection
EndProject
Project("{FAE04EC0-301F-11D3-BF4B-00C04F79EFBC}") = "FCG.Api", "src\FCG.Api\FCG.Api.csproj", "{3C162FC7-C5CA-42B4-9863-C0401A3CF7C3}"
EndProject
Project("{FAE04EC0-301F-11D3-BF4B-00C04F79EFBC}") = "FCG.Application", "src\FCG.Application\FCG.Application.csproj", "{431D7170-43EA-430C-886B-8E0C4958FAC2}"
EndProject
Project("{FAE04EC0-301F-11D3-BF4B-00C04F79EFBC}") = "FCG.Domain", "src\FCG.Domain\FCG.Domain.csproj", "{D332BBD5-118A-4606-BB6C-FA4EE125BA9B}"
EndProject
Project("{FAE04EC0-301F-11D3-BF4B-00C04F79EFBC}") = "FCG.Infrastructure", "src\FCG.Infrastructure\FCG.Infrastructure.csproj", "{C58021BA-94F8-448D-89AB-4AE362608E82}"
EndProject
Project("{FAE04EC0-301F-11D3-BF4B-00C04F79EFBC}") = "FCG.Jogos.API", "src\FCG.Jogos.API\FCG.Jogos.API.csproj", "{A1B2C3D4-E5F6-7890-ABCD-EF1234567890}"
EndProject
Project("{FAE04EC0-301F-11D3-BF4B-00C04F79EFBC}") = "FCG.Jogos.Application", "src\FCG.Jogos.Application\FCG.Jogos.Application.csproj", "{86BB7694-6634-4CED-9EE5-C7DB8DC98BBB}"
EndProject
Project("{FAE04EC0-301F-11D3-BF4B-00C04F79EFBC}") = "FCG.Jogos.Domain", "src\FCG.Jogos.Domain\FCG.Jogos.Domain.csproj", "{FA727437-483B-4057-B4F2-2D968E46DE36}"
EndProject
Project("{FAE04EC0-301F-11D3-BF4B-00C04F79EFBC}") = "FCG.Jogos.Infrastructure", "src\FCG.Jogos.Infrastructure\FCG.Jogos.Infrastructure.csproj", "{41FF7909-C95E-4C66-A75B-B44223D37C1D}"
EndProject
Project("{FAE04EC0-301F-11D3-BF4B-00C04F79EFBC}") = "FCG.Usuarios.API", "src\FCG.Usuarios.API\FCG.Usuarios.API.csproj", "{BBB24DF6-99BF-4ED1-9D6E-EAD257CEE3FD}"
EndProject
Project("{FAE04EC0-301F-11D3-BF4B-00C04F79EFBC}") = "FCG.Usuarios.Application", "src\FCG.Usuarios.Application\FCG.Usuarios.Application.csproj", "{ED030AEA-85BF-4721-A8AF-245ACE4F1081}"
EndProject
Project("{FAE04EC0-301F-11D3-BF4B-00C04F79EFBC}") = "FCG.Usuarios.Domain", "src\FCG.Usuarios.Domain\FCG.Usuarios.Domain.csproj", "{48C24008-9BFF-4895-A8EE-F0E986F78E14}"
EndProject
Project("{FAE04EC0-301F-11D3-BF4B-00C04F79EFBC}") = "FCG.Usuarios.Infrastructure", "src\FCG.Usuarios.Infrastructure\FCG.Usuarios.Infrastructure.csproj", "{141E92EA-4867-4423-9CAC-A3B4A3F27B42}"
EndProject
Project("{FAE04EC0-301F-11D3-BF4B-00C04F79EFBC}") = "FCG.Pagamentos.API", "src\FCG.Pagamentos.API\FCG.Pagamentos.API.csproj", "{C6023083-E9F1-4D34-A70E-ED0B94D50EE9}"
EndProject
Project("{FAE04EC0-301F-11D3-BF4B-00C04F79EFBC}") = "FCG.Pagamentos.Application", "src\FCG.Pagamentos.Application\FCG.Pagamentos.Application.csproj", "{65100199-8D39-419D-AEFE-ABE5FE90A321}"
EndProject
Project("{FAE04EC0-301F-11D3-BF4B-00C04F79EFBC}") = "FCG.Pagamentos.Domain", "src\FCG.Pagamentos.Domain\FCG.Pagamentos.Domain.csproj", "{BE703A4B-642F-4FD4-A15C-230179CE4729}"
EndProject
Project("{FAE04EC0-301F-11D3-BF4B-00C04F79EFBC}") = "FCG.Pagamentos.Infrastructure", "src\FCG.Pagamentos.Infrastructure\FCG.Pagamentos.Infrastructure.csproj", "{E3D8A0C2-2A3A-4751-BA4A-7DCB084CC35E}"
EndProject
Project("{2150E333-8FDC-42A3-9474-1A3956D46DE8}") = "tests", "tests", "{0AB3BF05-4346-4AA6-1389-037BE0695223}"
EndProject
Project("{FAE04EC0-301F-11D3-BF4B-00C04F79EFBC}") = "FCG.Tests", "tests\FCG.Tests\FCG.Tests.csproj", "{F263EBB0-8D4E-4E86-A79A-36DD06D07908}"
EndProject
Global
	GlobalSection(SolutionConfigurationPlatforms) = preSolution
		Debug|Any CPU = Debug|Any CPU
		Debug|x64 = Debug|x64
		Debug|x86 = Debug|x86
		Release|Any CPU = Release|Any CPU
		Release|x64 = Release|x64
		Release|x86 = Release|x86
	EndGlobalSection
	GlobalSection(ProjectConfigurationPlatforms) = postSolution
		{3C162FC7-C5CA-42B4-9863-C0401A3CF7C3}.Debug|Any CPU.ActiveCfg = Debug|Any CPU
		{3C162FC7-C5CA-42B4-9863-C0401A3CF7C3}.Debug|Any CPU.Build.0 = Debug|Any CPU
		{3C162FC7-C5CA-42B4-9863-C0401A3CF7C3}.Debug|x64.ActiveCfg = Debug|Any CPU
		{3C162FC7-C5CA-42B4-9863-C0401A3CF7C3}.Debug|x64.Build.0 = Debug|Any CPU
		{3C162FC7-C5CA-42B4-9863-C0401A3CF7C3}.Debug|x86.ActiveCfg = Debug|Any CPU
		{3C162FC7-C5CA-42B4-9863-C0401A3CF7C3}.Debug|x86.Build.0 = Debug|Any CPU
		{3C162FC7-C5CA-42B4-9863-C0401A3CF7C3}.Release|Any CPU.ActiveCfg = Release|Any CPU
		{3C162FC7-C5CA-42B4-9863-C0401A3CF7C3}.Release|Any CPU.Build.0 = Release|Any CPU
		{3C162FC7-C5CA-42B4-9863-C0401A3CF7C3}.Release|x64.ActiveCfg = Release|Any CPU
		{3C162FC7-C5CA-42B4-9863-C0401A3CF7C3}.Release|x64.Build.0 = Release|Any CPU
		{3C162FC7-C5CA-42B4-9863-C0401A3CF7C3}.Release|x86.ActiveCfg = Release|Any CPU
		{3C162FC7-C5CA-42B4-9863-C0401A3CF7C3}.Release|x86.Build.0 = Release|Any CPU
		{431D7170-43EA-430C-886B-8E0C4958FAC2}.Debug|Any CPU.ActiveCfg = Debug|Any CPU
		{431D7170-43EA-430C-886B-8E0C4958FAC2}.Debug|Any CPU.Build.0 = Debug|Any CPU
		{431D7170-43EA-430C-886B-8E0C4958FAC2}.Debug|x64.ActiveCfg = Debug|Any CPU
		{431D7170-43EA-430C-886B-8E0C4958FAC2}.Debug|x64.Build.0 = Debug|Any CPU
		{431D7170-43EA-430C-886B-8E0C4958FAC2}.Debug|x86.ActiveCfg = Debug|Any CPU
		{431D7170-43EA-430C-886B-8E0C4958FAC2}.Debug|x86.Build.0 = Debug|Any CPU
		{431D7170-43EA-430C-886B-8E0C4958FAC2}.Release|Any CPU.ActiveCfg = Release|Any CPU
		{431D7170-43EA-430C-886B-8E0C4958FAC2}.Release|Any CPU.Build.0 = Release|Any CPU
		{431D7170-43EA-430C-886B-8E0C4958FAC2}.Release|x64.ActiveCfg = Release|Any CPU
		{431D7170-43EA-430C-886B-8E0C4958FAC2}.Release|x64.Build.0 = Release|Any CPU
		{431D7170-43EA-430C-886B-8E0C4958FAC2}.Release|x86.ActiveCfg = Release|Any CPU
		{431D7170-43EA-430C-886B-8E0C4958FAC2}.Release|x86.Build.0 = Release|Any CPU
		{D332BBD5-118A-4606-BB6C-FA4EE125BA9B}.Debug|Any CPU.ActiveCfg = Debug|Any CPU
		{D332BBD5-118A-4606-BB6C-FA4EE125BA9B}.Debug|Any CPU.Build.0 = Debug|Any CPU
		{D332BBD5-118A-4606-BB6C-FA4EE125BA9B}.Debug|x64.ActiveCfg = Debug|Any CPU
		{D332BBD5-118A-4606-BB6C-FA4EE125BA9B}.Debug|x64.Build.0 = Debug|Any CPU
		{D332BBD5-118A-4606-BB6C-FA4EE125BA9B}.Debug|x86.ActiveCfg = Debug|Any CPU
		{D332BBD5-118A-4606-BB6C-FA4EE125BA9B}.Debug|x86.Build.0 = Debug|Any CPU
		{D332BBD5-118A-4606-BB6C-FA4EE125BA9B}.Release|Any CPU.ActiveCfg = Release|Any CPU
		{D332BBD5-118A-4606-BB6C-FA4EE125BA9B}.Release|Any CPU.Build.0 = Release|Any CPU
		{D332BBD5-118A-4606-BB6C-FA4EE125BA9B}.Release|x64.ActiveCfg = Release|Any CPU
		{D332BBD5-118A-4606-BB6C-FA4EE125BA9B}.Release|x64.Build.0 = Release|Any CPU
		{D332BBD5-118A-4606-BB6C-FA4EE125BA9B}.Release|x86.ActiveCfg = Release|Any CPU
		{D332BBD5-118A-4606-BB6C-FA4EE125BA9B}.Release|x86.Build.0 = Release|Any CPU
		{C58021BA-94F8-448D-89AB-4AE362608E82}.Debug|Any CPU.ActiveCfg = Debug|Any CPU
		{C58021BA-94F8-448D-89AB-4AE362608E82}.Debug|Any CPU.Build.0 = Debug|Any CPU
		{C58021BA-94F8-448D-89AB-4AE362608E82}.Debug|x64.ActiveCfg = Debug|Any CPU
		{C58021BA-94F8-448D-89AB-4AE362608E82}.Debug|x64.Build.0 = Debug|Any CPU
		{C58021BA-94F8-448D-89AB-4AE362608E82}.Debug|x86.ActiveCfg = Debug|Any CPU
		{C58021BA-94F8-448D-89AB-4AE362608E82}.Debug|x86.Build.0 = Debug|Any CPU
		{C58021BA-94F8-448D-89AB-4AE362608E82}.Release|Any CPU.ActiveCfg = Release|Any CPU
		{C58021BA-94F8-448D-89AB-4AE362608E82}.Release|Any CPU.Build.0 = Release|Any CPU
		{C58021BA-94F8-448D-89AB-4AE362608E82}.Release|x64.ActiveCfg = Release|Any CPU
		{C58021BA-94F8-448D-89AB-4AE362608E82}.Release|x64.Build.0 = Release|Any CPU
		{C58021BA-94F8-448D-89AB-4AE362608E82}.Release|x86.ActiveCfg = Release|Any CPU
		{C58021BA-94F8-448D-89AB-4AE362608E82}.Release|x86.Build.0 = Release|Any CPU
		{A1B2C3D4-E5F6-7890-ABCD-EF1234567890}.Debug|Any CPU.ActiveCfg = Debug|Any CPU
		{A1B2C3D4-E5F6-7890-ABCD-EF1234567890}.Debug|Any CPU.Build.0 = Debug|Any CPU
		{A1B2C3D4-E5F6-7890-ABCD-EF1234567890}.Debug|x64.ActiveCfg = Debug|Any CPU
		{A1B2C3D4-E5F6-7890-ABCD-EF1234567890}.Debug|x64.Build.0 = Debug|Any CPU
		{A1B2C3D4-E5F6-7890-ABCD-EF1234567890}.Debug|x86.ActiveCfg = Debug|Any CPU
		{A1B2C3D4-E5F6-7890-ABCD-EF1234567890}.Debug|x86.Build.0 = Debug|Any CPU
		{A1B2C3D4-E5F6-7890-ABCD-EF1234567890}.Release|Any CPU.ActiveCfg = Release|Any CPU
		{A1B2C3D4-E5F6-7890-ABCD-EF1234567890}.Release|Any CPU.Build.0 = Release|Any CPU
		{A1B2C3D4-E5F6-7890-ABCD-EF1234567890}.Release|x64.ActiveCfg = Release|Any CPU
		{A1B2C3D4-E5F6-7890-ABCD-EF1234567890}.Release|x64.Build.0 = Release|Any CPU
		{A1B2C3D4-E5F6-7890-ABCD-EF1234567890}.Release|x86.ActiveCfg = Release|Any CPU
		{A1B2C3D4-E5F6-7890-ABCD-EF1234567890}.Release|x86.Build.0 = Release|Any CPU
		{86BB7694-6634-4CED-9EE5-C7DB8DC98BBB}.Debug|Any CPU.ActiveCfg = Debug|Any CPU
		{86BB7694-6634-4CED-9EE5-C7DB8DC98BBB}.Debug|Any CPU.Build.0 = Debug|Any CPU
		{86BB7694-6634-4CED-9EE5-C7DB8DC98BBB}.Debug|x64.ActiveCfg = Debug|Any CPU
		{86BB7694-6634-4CED-9EE5-C7DB8DC98BBB}.Debug|x64.Build.0 = Debug|Any CPU
		{86BB7694-6634-4CED-9EE5-C7DB8DC98BBB}.Debug|x86.ActiveCfg = Debug|Any CPU
		{86BB7694-6634-4CED-9EE5-C7DB8DC98BBB}.Debug|x86.Build.0 = Debug|Any CPU
		{86BB7694-6634-4CED-9EE5-C7DB8DC98BBB}.Release|Any CPU.ActiveCfg = Release|Any CPU
		{86BB7694-6634-4CED-9EE5-C7DB8DC98BBB}.Release|Any CPU.Build.0 = Release|Any CPU
		{86BB7694-6634-4CED-9EE5-C7DB8DC98BBB}.Release|x64.ActiveCfg = Release|Any CPU
		{86BB7694-6634-4CED-9EE5-C7DB8DC98BBB}.Release|x64.Build.0 = Release|Any CPU
		{86BB7694-6634-4CED-9EE5-C7DB8DC98BBB}.Release|x86.ActiveCfg = Release|Any CPU
		{86BB7694-6634-4CED-9EE5-C7DB8DC98BBB}.Release|x86.Build.0 = Release|Any CPU
		{FA727437-483B-4057-B4F2-2D968E46DE36}.Debug|Any CPU.ActiveCfg = Debug|Any CPU
		{FA727437-483B-4057-B4F2-2D968E46DE36}.Debug|Any CPU.Build.0 = Debug|Any CPU
		{FA727437-483B-4057-B4F2-2D968E46DE36}.Debug|x64.ActiveCfg = Debug|Any CPU
		{FA727437-483B-4057-B4F2-2D968E46DE36}.Debug|x64.Build.0 = Debug|Any CPU
		{FA727437-483B-4057-B4F2-2D968E46DE36}.Debug|x86.ActiveCfg = Debug|Any CPU
		{FA727437-483B-4057-B4F2-2D968E46DE36}.Debug|x86.Build.0 = Debug|Any CPU
		{FA727437-483B-4057-B4F2-2D968E46DE36}.Release|Any CPU.ActiveCfg = Release|Any CPU
		{FA727437-483B-4057-B4F2-2D968E46DE36}.Release|Any CPU.Build.0 = Release|Any CPU
		{FA727437-483B-4057-B4F2-2D968E46DE36}.Release|x64.ActiveCfg = Release|Any CPU
		{FA727437-483B-4057-B4F2-2D968E46DE36}.Release|x64.Build.0 = Release|Any CPU
		{FA727437-483B-4057-B4F2-2D968E46DE36}.Release|x86.ActiveCfg = Release|Any CPU
		{FA727437-483B-4057-B4F2-2D968E46DE36}.Release|x86.Build.0 = Release|Any CPU
		{41FF7909-C95E-4C66-A75B-B44223D37C1D}.Debug|Any CPU.ActiveCfg = Debug|Any CPU
		{41FF7909-C95E-4C66-A75B-B44223D37C1D}.Debug|Any CPU.Build.0 = Debug|Any CPU
		{41FF7909-C95E-4C66-A75B-B44223D37C1D}.Debug|x64.ActiveCfg = Debug|Any CPU
		{41FF7909-C95E-4C66-A75B-B44223D37C1D}.Debug|x64.Build.0 = Debug|Any CPU
		{41FF7909-C95E-4C66-A75B-B44223D37C1D}.Debug|x86.ActiveCfg = Debug|Any CPU
		{41FF7909-C95E-4C66-A75B-B44223D37C1D}.Debug|x86.Build.0 = Debug|Any CPU
		{41FF7909-C95E-4C66-A75B-B44223D37C1D}.Release|Any CPU.ActiveCfg = Release|Any CPU
		{41FF7909-C95E-4C66-A75B-B44223D37C1D}.Release|Any CPU.Build.0 = Release|Any CPU
		{41FF7909-C95E-4C66-A75B-B44223D37C1D}.Release|x64.ActiveCfg = Release|Any CPU
		{41FF7909-C95E-4C66-A75B-B44223D37C1D}.Release|x64.Build.0 = Release|Any CPU
		{41FF7909-C95E-4C66-A75B-B44223D37C1D}.Release|x86.ActiveCfg = Release|Any CPU
		{41FF7909-C95E-4C66-A75B-B44223D37C1D}.Release|x86.Build.0 = Release|Any CPU
		{BBB24DF6-99BF-4ED1-9D6E-EAD257CEE3FD}.Debug|Any CPU.ActiveCfg = Debug|Any CPU
		{BBB24DF6-99BF-4ED1-9D6E-EAD257CEE3FD}.Debug|Any CPU.Build.0 = Debug|Any CPU
		{BBB24DF6-99BF-4ED1-9D6E-EAD257CEE3FD}.Debug|x64.ActiveCfg = Debug|Any CPU
		{BBB24DF6-99BF-4ED1-9D6E-EAD257CEE3FD}.Debug|x64.Build.0 = Debug|Any CPU
		{BBB24DF6-99BF-4ED1-9D6E-EAD257CEE3FD}.Debug|x86.ActiveCfg = Debug|Any CPU
		{BBB24DF6-99BF-4ED1-9D6E-EAD257CEE3FD}.Debug|x86.Build.0 = Debug|Any CPU
		{BBB24DF6-99BF-4ED1-9D6E-EAD257CEE3FD}.Release|Any CPU.ActiveCfg = Release|Any CPU
		{BBB24DF6-99BF-4ED1-9D6E-EAD257CEE3FD}.Release|Any CPU.Build.0 = Release|Any CPU
		{BBB24DF6-99BF-4ED1-9D6E-EAD257CEE3FD}.Release|x64.ActiveCfg = Release|Any CPU
		{BBB24DF6-99BF-4ED1-9D6E-EAD257CEE3FD}.Release|x64.Build.0 = Release|Any CPU
		{BBB24DF6-99BF-4ED1-9D6E-EAD257CEE3FD}.Release|x86.ActiveCfg = Release|Any CPU
		{BBB24DF6-99BF-4ED1-9D6E-EAD257CEE3FD}.Release|x86.Build.0 = Release|Any CPU
		{ED030AEA-85BF-4721-A8AF-245ACE4F1081}.Debug|Any CPU.ActiveCfg = Debug|Any CPU
		{ED030AEA-85BF-4721-A8AF-245ACE4F1081}.Debug|Any CPU.Build.0 = Debug|Any CPU
		{ED030AEA-85BF-4721-A8AF-245ACE4F1081}.Debug|x64.ActiveCfg = Debug|Any CPU
		{ED030AEA-85BF-4721-A8AF-245ACE4F1081}.Debug|x64.Build.0 = Debug|Any CPU
		{ED030AEA-85BF-4721-A8AF-245ACE4F1081}.Debug|x86.ActiveCfg = Debug|Any CPU
		{ED030AEA-85BF-4721-A8AF-245ACE4F1081}.Debug|x86.Build.0 = Debug|Any CPU
		{ED030AEA-85BF-4721-A8AF-245ACE4F1081}.Release|Any CPU.ActiveCfg = Release|Any CPU
		{ED030AEA-85BF-4721-A8AF-245ACE4F1081}.Release|Any CPU.Build.0 = Release|Any CPU
		{ED030AEA-85BF-4721-A8AF-245ACE4F1081}.Release|x64.ActiveCfg = Release|Any CPU
		{ED030AEA-85BF-4721-A8AF-245ACE4F1081}.Release|x64.Build.0 = Release|Any CPU
		{ED030AEA-85BF-4721-A8AF-245ACE4F1081}.Release|x86.ActiveCfg = Release|Any CPU
		{ED030AEA-85BF-4721-A8AF-245ACE4F1081}.Release|x86.Build.0 = Release|Any CPU
		{48C24008-9BFF-4895-A8EE-F0E986F78E14}.Debug|Any CPU.ActiveCfg = Debug|Any CPU
		{48C24008-9BFF-4895-A8EE-F0E986F78E14}.Debug|Any CPU.Build.0 = Debug|Any CPU
		{48C24008-9BFF-4895-A8EE-F0E986F78E14}.Debug|x64.ActiveCfg = Debug|Any CPU
		{48C24008-9BFF-4895-A8EE-F0E986F78E14}.Debug|x64.Build.0 = Debug|Any CPU
		{48C24008-9BFF-4895-A8EE-F0E986F78E14}.Debug|x86.ActiveCfg = Debug|Any CPU
		{48C24008-9BFF-4895-A8EE-F0E986F78E14}.Debug|x86.Build.0 = Debug|Any CPU
		{48C24008-9BFF-4895-A8EE-F0E986F78E14}.Release|Any CPU.ActiveCfg = Release|Any CPU
		{48C24008-9BFF-4895-A8EE-F0E986F78E14}.Release|Any CPU.Build.0 = Release|Any CPU
		{48C24008-9BFF-4895-A8EE-F0E986F78E14}.Release|x64.ActiveCfg = Release|Any CPU
		{48C24008-9BFF-4895-A8EE-F0E986F78E14}.Release|x64.Build.0 = Release|Any CPU
		{48C24008-9BFF-4895-A8EE-F0E986F78E14}.Release|x86.ActiveCfg = Release|Any CPU
		{48C24008-9BFF-4895-A8EE-F0E986F78E14}.Release|x86.Build.0 = Release|Any CPU
		{141E92EA-4867-4423-9CAC-A3B4A3F27B42}.Debug|Any CPU.ActiveCfg = Debug|Any CPU
		{141E92EA-4867-4423-9CAC-A3B4A3F27B42}.Debug|Any CPU.Build.0 = Debug|Any CPU
		{141E92EA-4867-4423-9CAC-A3B4A3F27B42}.Debug|x64.ActiveCfg = Debug|Any CPU
		{141E92EA-4867-4423-9CAC-A3B4A3F27B42}.Debug|x64.Build.0 = Debug|Any CPU
		{141E92EA-4867-4423-9CAC-A3B4A3F27B42}.Debug|x86.ActiveCfg = Debug|Any CPU
		{141E92EA-4867-4423-9CAC-A3B4A3F27B42}.Debug|x86.Build.0 = Debug|Any CPU
		{141E92EA-4867-4423-9CAC-A3B4A3F27B42}.Release|Any CPU.ActiveCfg = Release|Any CPU
		{141E92EA-4867-4423-9CAC-A3B4A3F27B42}.Release|Any CPU.Build.0 = Release|Any CPU
		{141E92EA-4867-4423-9CAC-A3B4A3F27B42}.Release|x64.ActiveCfg = Release|Any CPU
		{141E92EA-4867-4423-9CAC-A3B4A3F27B42}.Release|x64.Build.0 = Release|Any CPU
		{141E92EA-4867-4423-9CAC-A3B4A3F27B42}.Release|x86.ActiveCfg = Release|Any CPU
		{141E92EA-4867-4423-9CAC-A3B4A3F27B42}.Release|x86.Build.0 = Release|Any CPU
		{C6023083-E9F1-4D34-A70E-ED0B94D50EE9}.Debug|Any CPU.ActiveCfg = Debug|Any CPU
		{C6023083-E9F1-4D34-A70E-ED0B94D50EE9}.Debug|Any CPU.Build.0 = Debug|Any CPU
		{C6023083-E9F1-4D34-A70E-ED0B94D50EE9}.Debug|x64.ActiveCfg = Debug|Any CPU
		{C6023083-E9F1-4D34-A70E-ED0B94D50EE9}.Debug|x64.Build.0 = Debug|Any CPU
		{C6023083-E9F1-4D34-A70E-ED0B94D50EE9}.Debug|x86.ActiveCfg = Debug|Any CPU
		{C6023083-E9F1-4D34-A70E-ED0B94D50EE9}.Debug|x86.Build.0 = Debug|Any CPU
		{C6023083-E9F1-4D34-A70E-ED0B94D50EE9}.Release|Any CPU.ActiveCfg = Release|Any CPU
		{C6023083-E9F1-4D34-A70E-ED0B94D50EE9}.Release|Any CPU.Build.0 = Release|Any CPU
		{C6023083-E9F1-4D34-A70E-ED0B94D50EE9}.Release|x64.ActiveCfg = Release|Any CPU
		{C6023083-E9F1-4D34-A70E-ED0B94D50EE9}.Release|x64.Build.0 = Release|Any CPU
		{C6023083-E9F1-4D34-A70E-ED0B94D50EE9}.Release|x86.ActiveCfg = Release|Any CPU
		{C6023083-E9F1-4D34-A70E-ED0B94D50EE9}.Release|x86.Build.0 = Release|Any CPU
		{65100199-8D39-419D-AEFE-ABE5FE90A321}.Debug|Any CPU.ActiveCfg = Debug|Any CPU
		{65100199-8D39-419D-AEFE-ABE5FE90A321}.Debug|Any CPU.Build.0 = Debug|Any CPU
		{65100199-8D39-419D-AEFE-ABE5FE90A321}.Debug|x64.ActiveCfg = Debug|Any CPU
		{65100199-8D39-419D-AEFE-ABE5FE90A321}.Debug|x64.Build.0 = Debug|Any CPU
		{65100199-8D39-419D-AEFE-ABE5FE90A321}.Debug|x86.ActiveCfg = Debug|Any CPU
		{65100199-8D39-419D-AEFE-ABE5FE90A321}.Debug|x86.Build.0 = Debug|Any CPU
		{65100199-8D39-419D-AEFE-ABE5FE90A321}.Release|Any CPU.ActiveCfg = Release|Any CPU
		{65100199-8D39-419D-AEFE-ABE5FE90A321}.Release|Any CPU.Build.0 = Release|Any CPU
		{65100199-8D39-419D-AEFE-ABE5FE90A321}.Release|x64.ActiveCfg = Release|Any CPU
		{65100199-8D39-419D-AEFE-ABE5FE90A321}.Release|x64.Build.0 = Release|Any CPU
		{65100199-8D39-419D-AEFE-ABE5FE90A321}.Release|x86.ActiveCfg = Release|Any CPU
		{65100199-8D39-419D-AEFE-ABE5FE90A321}.Release|x86.Build.0 = Release|Any CPU
		{BE703A4B-642F-4FD4-A15C-230179CE4729}.Debug|Any CPU.ActiveCfg = Debug|Any CPU
		{BE703A4B-642F-4FD4-A15C-230179CE4729}.Debug|Any CPU.Build.0 = Debug|Any CPU
		{BE703A4B-642F-4FD4-A15C-230179CE4729}.Debug|x64.ActiveCfg = Debug|Any CPU
		{BE703A4B-642F-4FD4-A15C-230179CE4729}.Debug|x64.Build.0 = Debug|Any CPU
		{BE703A4B-642F-4FD4-A15C-230179CE4729}.Debug|x86.ActiveCfg = Debug|Any CPU
		{BE703A4B-642F-4FD4-A15C-230179CE4729}.Debug|x86.Build.0 = Debug|Any CPU
		{BE703A4B-642F-4FD4-A15C-230179CE4729}.Release|Any CPU.ActiveCfg = Release|Any CPU
		{BE703A4B-642F-4FD4-A15C-230179CE4729}.Release|Any CPU.Build.0 = Release|Any CPU
		{BE703A4B-642F-4FD4-A15C-230179CE4729}.Release|x64.ActiveCfg = Release|Any CPU
		{BE703A4B-642F-4FD4-A15C-230179CE4729}.Release|x64.Build.0 = Release|Any CPU
		{BE703A4B-642F-4FD4-A15C-230179CE4729}.Release|x86.ActiveCfg = Release|Any CPU
		{BE703A4B-642F-4FD4-A15C-230179CE4729}.Release|x86.Build.0 = Release|Any CPU
		{E3D8A0C2-2A3A-4751-BA4A-7DCB084CC35E}.Debug|Any CPU.ActiveCfg = Debug|Any CPU
		{E3D8A0C2-2A3A-4751-BA4A-7DCB084CC35E}.Debug|Any CPU.Build.0 = Debug|Any CPU
		{E3D8A0C2-2A3A-4751-BA4A-7DCB084CC35E}.Debug|x64.ActiveCfg = Debug|Any CPU
		{E3D8A0C2-2A3A-4751-BA4A-7DCB084CC35E}.Debug|x64.Build.0 = Debug|Any CPU
		{E3D8A0C2-2A3A-4751-BA4A-7DCB084CC35E}.Debug|x86.ActiveCfg = Debug|Any CPU
		{E3D8A0C2-2A3A-4751-BA4A-7DCB084CC35E}.Debug|x86.Build.0 = Debug|Any CPU
		{E3D8A0C2-2A3A-4751-BA4A-7DCB084CC35E}.Release|Any CPU.ActiveCfg = Release|Any CPU
		{E3D8A0C2-2A3A-4751-BA4A-7DCB084CC35E}.Release|Any CPU.Build.0 = Release|Any CPU
		{E3D8A0C2-2A3A-4751-BA4A-7DCB084CC35E}.Release|x64.ActiveCfg = Release|Any CPU
		{E3D8A0C2-2A3A-4751-BA4A-7DCB084CC35E}.Release|x64.Build.0 = Release|Any CPU
		{E3D8A0C2-2A3A-4751-BA4A-7DCB084CC35E}.Release|x86.ActiveCfg = Release|Any CPU
		{E3D8A0C2-2A3A-4751-BA4A-7DCB084CC35E}.Release|x86.Build.0 = Release|Any CPU
		{F263EBB0-8D4E-4E86-A79A-36DD06D07908}.Debug|Any CPU.ActiveCfg = Debug|Any CPU
		{F263EBB0-8D4E-4E86-A79A-36DD06D07908}.Debug|Any CPU.Build.0 = Debug|Any CPU
		{F263EBB0-8D4E-4E86-A79A-36DD06D07908}.Debug|x64.ActiveCfg = Debug|Any CPU
		{F263EBB0-8D4E-4E86-A79A-36DD06D07908}.Debug|x64.Build.0 = Debug|Any CPU
		{F263EBB0-8D4E-4E86-A79A-36DD06D07908}.Debug|x86.ActiveCfg = Debug|Any CPU
		{F263EBB0-8D4E-4E86-A79A-36DD06D07908}.Debug|x86.Build.0 = Debug|Any CPU
		{F263EBB0-8D4E-4E86-A79A-36DD06D07908}.Release|Any CPU.ActiveCfg = Release|Any CPU
		{F263EBB0-8D4E-4E86-A79A-36DD06D07908}.Release|Any CPU.Build.0 = Release|Any CPU
		{F263EBB0-8D4E-4E86-A79A-36DD06D07908}.Release|x64.ActiveCfg = Release|Any CPU
		{F263EBB0-8D4E-4E86-A79A-36DD06D07908}.Release|x64.Build.0 = Release|Any CPU
		{F263EBB0-8D4E-4E86-A79A-36DD06D07908}.Release|x86.ActiveCfg = Release|Any CPU
		{F263EBB0-8D4E-4E86-A79A-36DD06D07908}.Release|x86.Build.0 = Release|Any CPU
	EndGlobalSection
	GlobalSection(SolutionProperties) = preSolution
		HideSolutionNode = FALSE
	EndGlobalSection
	GlobalSection(NestedProjects) = preSolution
		{3C162FC7-C5CA-42B4-9863-C0401A3CF7C3} = {827E0CD3-B72D-47B6-A68D-7590B98EB39B}
		{431D7170-43EA-430C-886B-8E0C4958FAC2} = {827E0CD3-B72D-47B6-A68D-7590B98EB39B}
		{D332BBD5-118A-4606-BB6C-FA4EE125BA9B} = {827E0CD3-B72D-47B6-A68D-7590B98EB39B}
		{C58021BA-94F8-448D-89AB-4AE362608E82} = {827E0CD3-B72D-47B6-A68D-7590B98EB39B}
		{F263EBB0-8D4E-4E86-A79A-36DD06D07908} = {0AB3BF05-4346-4AA6-1389-037BE0695223}
	EndGlobalSection
EndGlobal
